Microsoft Visual Studio Solution File, Format Version 12.00
# Visual Studio Version 17
VisualStudioVersion = 17.5.2.0
MinimumVisualStudioVersion = 10.0.40219.1
Project("{FAE04EC0-301F-11D3-BF4B-00C04F79EFBC}") = "ClassandObj", "ClassandObj\ClassandObj.csproj", "{D05737F2-9A21-9767-9219-1E88628553FE}"
EndProject
Global
	GlobalSection(SolutionConfigurationPlatforms) = preSolution
		Debug|Any CPU = Debug|Any CPU
		Release|Any CPU = Release|Any CPU
	EndGlobalSection
	GlobalSection(ProjectConfigurationPlatforms) = postSolution
		{D05737F2-9A21-9767-9219-1E88628553FE}.Debug|Any CPU.ActiveCfg = Debug|Any CPU
		{D05737F2-9A21-9767-9219-1E88628553FE}.Debug|Any CPU.Build.0 = Debug|Any CPU
		{D05737F2-9A21-9767-9219-1E88628553FE}.Release|Any CPU.ActiveCfg = Release|Any CPU
		{D05737F2-9A21-9767-9219-1E88628553FE}.Release|Any CPU.Build.0 = Release|Any CPU
	EndGlobalSection
	GlobalSection(SolutionProperties) = preSolution
		HideSolutionNode = FALSE
	EndGlobalSection
	GlobalSection(ExtensibilityGlobals) = postSolution
		SolutionGuid = {0C994668-6984-4466-8FC9-3B2AE32231B4}
	EndGlobalSection
EndGlobal
